
Microsoft Visual Studio Solution File, Format Version 12.00
# Visual Studio Version 16
VisualStudioVersion = 16.0.30002.166
MinimumVisualStudioVersion = 10.0.40219.1
Project("{FAE04EC0-301F-11D3-BF4B-00C04F79EFBC}") = "Shop.Core", "Shop.Core\Shop.Core.csproj", "{5B3CA125-02BC-4EFC-AEFB-ACD9FFEFAC24}"
EndProject
Project("{FAE04EC0-301F-11D3-BF4B-00C04F79EFBC}") = "Shop.DataAccess.SQL", "Shop.DataAccess.SQL\Shop.DataAccess.SQL.csproj", "{635ADBDF-862C-40AA-A98E-3D4321E84B1B}"
EndProject
Project("{FAE04EC0-301F-11D3-BF4B-00C04F79EFBC}") = "Shop.Services", "Shop.Services\Shop.Services.csproj", "{5A6DF6DE-FBC2-45C4-A0CF-1DD80F5B0ADC}"
EndProject
Project("{FAE04EC0-301F-11D3-BF4B-00C04F79EFBC}") = "Shop.DataAccess.InMemory", "Shop.DataAccess.InMemory\Shop.DataAccess.InMemory.csproj", "{5F0A1554-84BD-4160-B89C-581F7228788E}"
EndProject
Project("{FAE04EC0-301F-11D3-BF4B-00C04F79EFBC}") = "Shop.WebUI", "Shop.WebUI\Shop.WebUI.csproj", "{ECC95B0F-D0E9-406C-BA86-6359B47D5D7C}"
EndProject
Project("{FAE04EC0-301F-11D3-BF4B-00C04F79EFBC}") = "Shop.WebUI.Tests", "Shop.WebUI.Tests\Shop.WebUI.Tests.csproj", "{D517CD91-0D4D-4D45-9F60-043C19249848}"
EndProject
Global
	GlobalSection(SolutionConfigurationPlatforms) = preSolution
		Debug|Any CPU = Debug|Any CPU
		Release|Any CPU = Release|Any CPU
	EndGlobalSection
	GlobalSection(ProjectConfigurationPlatforms) = postSolution
		{5B3CA125-02BC-4EFC-AEFB-ACD9FFEFAC24}.Debug|Any CPU.ActiveCfg = Debug|Any CPU
		{5B3CA125-02BC-4EFC-AEFB-ACD9FFEFAC24}.Debug|Any CPU.Build.0 = Debug|Any CPU
		{5B3CA125-02BC-4EFC-AEFB-ACD9FFEFAC24}.Release|Any CPU.ActiveCfg = Release|Any CPU
		{5B3CA125-02BC-4EFC-AEFB-ACD9FFEFAC24}.Release|Any CPU.Build.0 = Release|Any CPU
		{635ADBDF-862C-40AA-A98E-3D4321E84B1B}.Debug|Any CPU.ActiveCfg = Debug|Any CPU
		{635ADBDF-862C-40AA-A98E-3D4321E84B1B}.Debug|Any CPU.Build.0 = Debug|Any CPU
		{635ADBDF-862C-40AA-A98E-3D4321E84B1B}.Release|Any CPU.ActiveCfg = Release|Any CPU
		{635ADBDF-862C-40AA-A98E-3D4321E84B1B}.Release|Any CPU.Build.0 = Release|Any CPU
		{5A6DF6DE-FBC2-45C4-A0CF-1DD80F5B0ADC}.Debug|Any CPU.ActiveCfg = Debug|Any CPU
		{5A6DF6DE-FBC2-45C4-A0CF-1DD80F5B0ADC}.Debug|Any CPU.Build.0 = Debug|Any CPU
		{5A6DF6DE-FBC2-45C4-A0CF-1DD80F5B0ADC}.Release|Any CPU.ActiveCfg = Release|Any CPU
		{5A6DF6DE-FBC2-45C4-A0CF-1DD80F5B0ADC}.Release|Any CPU.Build.0 = Release|Any CPU
		{5F0A1554-84BD-4160-B89C-581F7228788E}.Debug|Any CPU.ActiveCfg = Debug|Any CPU
		{5F0A1554-84BD-4160-B89C-581F7228788E}.Debug|Any CPU.Build.0 = Debug|Any CPU
		{5F0A1554-84BD-4160-B89C-581F7228788E}.Release|Any CPU.ActiveCfg = Release|Any CPU
		{5F0A1554-84BD-4160-B89C-581F7228788E}.Release|Any CPU.Build.0 = Release|Any CPU
		{ECC95B0F-D0E9-406C-BA86-6359B47D5D7C}.Debug|Any CPU.ActiveCfg = Debug|Any CPU
		{ECC95B0F-D0E9-406C-BA86-6359B47D5D7C}.Debug|Any CPU.Build.0 = Debug|Any CPU
		{ECC95B0F-D0E9-406C-BA86-6359B47D5D7C}.Release|Any CPU.ActiveCfg = Release|Any CPU
		{ECC95B0F-D0E9-406C-BA86-6359B47D5D7C}.Release|Any CPU.Build.0 = Release|Any CPU
		{D517CD91-0D4D-4D45-9F60-043C19249848}.Debug|Any CPU.ActiveCfg = Debug|Any CPU
		{D517CD91-0D4D-4D45-9F60-043C19249848}.Debug|Any CPU.Build.0 = Debug|Any CPU
		{D517CD91-0D4D-4D45-9F60-043C19249848}.Release|Any CPU.ActiveCfg = Release|Any CPU
		{D517CD91-0D4D-4D45-9F60-043C19249848}.Release|Any CPU.Build.0 = Release|Any CPU
	EndGlobalSection
	GlobalSection(SolutionProperties) = preSolution
		HideSolutionNode = FALSE
	EndGlobalSection
	GlobalSection(ExtensibilityGlobals) = postSolution
		SolutionGuid = {412DE104-394E-4B4A-9171-E0E33F7C8F2C}
	EndGlobalSection
EndGlobal
